
Microsoft Visual Studio Solution File, Format Version 12.00
# Visual Studio Version 16
VisualStudioVersion = 16.0.30225.117
MinimumVisualStudioVersion = 10.0.40219.1
Project("{9A19103F-16F7-4668-BE54-9A1E7A4F7556}") = "Business", "Business\Business.csproj", "{D4C6CDD4-4F5C-4FA2-BC38-F23704C084B4}"
EndProject
Project("{9A19103F-16F7-4668-BE54-9A1E7A4F7556}") = "DataAccess", "DataAccess\DataAccess.csproj", "{D4F7900A-CCD8-4EA5-9E85-53316710D668}"
EndProject
Project("{9A19103F-16F7-4668-BE54-9A1E7A4F7556}") = "Entities", "Entities\Entities.csproj", "{618519EB-6997-4FD8-8058-7E15CD35711E}"
EndProject
Project("{9A19103F-16F7-4668-BE54-9A1E7A4F7556}") = "Core", "Core\Core.csproj", "{90B71332-6B8F-4A6E-88DC-9C3F64CFB957}"
EndProject
Project("{FAE04EC0-301F-11D3-BF4B-00C04F79EFBC}") = "ConsoleUI", "ConsoleUI\ConsoleUI.csproj", "{D1C8CB26-07F3-4F35-B5A7-A5FD745D4CFA}"
EndProject
Global
	GlobalSection(SolutionConfigurationPlatforms) = preSolution
		Debug|Any CPU = Debug|Any CPU
		Release|Any CPU = Release|Any CPU
	EndGlobalSection
	GlobalSection(ProjectConfigurationPlatforms) = postSolution
		{D4C6CDD4-4F5C-4FA2-BC38-F23704C084B4}.Debug|Any CPU.ActiveCfg = Debug|Any CPU
		{D4C6CDD4-4F5C-4FA2-BC38-F23704C084B4}.Debug|Any CPU.Build.0 = Debug|Any CPU
		{D4C6CDD4-4F5C-4FA2-BC38-F23704C084B4}.Release|Any CPU.ActiveCfg = Release|Any CPU
		{D4C6CDD4-4F5C-4FA2-BC38-F23704C084B4}.Release|Any CPU.Build.0 = Release|Any CPU
		{D4F7900A-CCD8-4EA5-9E85-53316710D668}.Debug|Any CPU.ActiveCfg = Debug|Any CPU
		{D4F7900A-CCD8-4EA5-9E85-53316710D668}.Debug|Any CPU.Build.0 = Debug|Any CPU
		{D4F7900A-CCD8-4EA5-9E85-53316710D668}.Release|Any CPU.ActiveCfg = Release|Any CPU
		{D4F7900A-CCD8-4EA5-9E85-53316710D668}.Release|Any CPU.Build.0 = Release|Any CPU
		{618519EB-6997-4FD8-8058-7E15CD35711E}.Debug|Any CPU.ActiveCfg = Debug|Any CPU
		{618519EB-6997-4FD8-8058-7E15CD35711E}.Debug|Any CPU.Build.0 = Debug|Any CPU
		{618519EB-6997-4FD8-8058-7E15CD35711E}.Release|Any CPU.ActiveCfg = Release|Any CPU
		{618519EB-6997-4FD8-8058-7E15CD35711E}.Release|Any CPU.Build.0 = Release|Any CPU
		{90B71332-6B8F-4A6E-88DC-9C3F64CFB957}.Debug|Any CPU.ActiveCfg = Debug|Any CPU
		{90B71332-6B8F-4A6E-88DC-9C3F64CFB957}.Debug|Any CPU.Build.0 = Debug|Any CPU
		{90B71332-6B8F-4A6E-88DC-9C3F64CFB957}.Release|Any CPU.ActiveCfg = Release|Any CPU
		{90B71332-6B8F-4A6E-88DC-9C3F64CFB957}.Release|Any CPU.Build.0 = Release|Any CPU
		{D1C8CB26-07F3-4F35-B5A7-A5FD745D4CFA}.Debug|Any CPU.ActiveCfg = Debug|Any CPU
		{D1C8CB26-07F3-4F35-B5A7-A5FD745D4CFA}.Debug|Any CPU.Build.0 = Debug|Any CPU
		{D1C8CB26-07F3-4F35-B5A7-A5FD745D4CFA}.Release|Any CPU.ActiveCfg = Release|Any CPU
		{D1C8CB26-07F3-4F35-B5A7-A5FD745D4CFA}.Release|Any CPU.Build.0 = Release|Any CPU
	EndGlobalSection
	GlobalSection(SolutionProperties) = preSolution
		HideSolutionNode = FALSE
	EndGlobalSection
	GlobalSection(ExtensibilityGlobals) = postSolution
		SolutionGuid = {22E5A69F-B2A8-471D-A951-76AB1E861F1E}
	EndGlobalSection
EndGlobal
